
Microsoft Visual Studio Solution File, Format Version 12.00
# Visual Studio Version 16
VisualStudioVersion = 16.0.34729.46
MinimumVisualStudioVersion = 10.0.40219.1
Project("{FAE04EC0-301F-11D3-BF4B-00C04F79EFBC}") = "Presentacion", "Presentacion\Presentacion.csproj", "{802E7655-A3FE-45FA-90EB-FC6129FD1BAF}"
EndProject
Project("{FAE04EC0-301F-11D3-BF4B-00C04F79EFBC}") = "Dominio", "Dominio\Dominio.csproj", "{4D21085B-444E-4849-97B5-4DC4EB3AC73F}"
EndProject
Project("{FAE04EC0-301F-11D3-BF4B-00C04F79EFBC}") = "Negocio", "Negocio\Negocio.csproj", "{F7B32D37-7601-4BFD-9D46-EFA9B603DAFD}"
EndProject
Global
	GlobalSection(SolutionConfigurationPlatforms) = preSolution
		Debug|Any CPU = Debug|Any CPU
		Release|Any CPU = Release|Any CPU
	EndGlobalSection
	GlobalSection(ProjectConfigurationPlatforms) = postSolution
		{802E7655-A3FE-45FA-90EB-FC6129FD1BAF}.Debug|Any CPU.ActiveCfg = Debug|Any CPU
		{802E7655-A3FE-45FA-90EB-FC6129FD1BAF}.Debug|Any CPU.Build.0 = Debug|Any CPU
		{802E7655-A3FE-45FA-90EB-FC6129FD1BAF}.Release|Any CPU.ActiveCfg = Release|Any CPU
		{802E7655-A3FE-45FA-90EB-FC6129FD1BAF}.Release|Any CPU.Build.0 = Release|Any CPU
		{4D21085B-444E-4849-97B5-4DC4EB3AC73F}.Debug|Any CPU.ActiveCfg = Debug|Any CPU
		{4D21085B-444E-4849-97B5-4DC4EB3AC73F}.Debug|Any CPU.Build.0 = Debug|Any CPU
		{4D21085B-444E-4849-97B5-4DC4EB3AC73F}.Release|Any CPU.ActiveCfg = Release|Any CPU
		{4D21085B-444E-4849-97B5-4DC4EB3AC73F}.Release|Any CPU.Build.0 = Release|Any CPU
		{F7B32D37-7601-4BFD-9D46-EFA9B603DAFD}.Debug|Any CPU.ActiveCfg = Debug|Any CPU
		{F7B32D37-7601-4BFD-9D46-EFA9B603DAFD}.Debug|Any CPU.Build.0 = Debug|Any CPU
		{F7B32D37-7601-4BFD-9D46-EFA9B603DAFD}.Release|Any CPU.ActiveCfg = Release|Any CPU
		{F7B32D37-7601-4BFD-9D46-EFA9B603DAFD}.Release|Any CPU.Build.0 = Release|Any CPU
	EndGlobalSection
	GlobalSection(SolutionProperties) = preSolution
		HideSolutionNode = FALSE
	EndGlobalSection
	GlobalSection(ExtensibilityGlobals) = postSolution
		SolutionGuid = {012B4738-DAE5-48A8-91F7-DC9213F47136}
	EndGlobalSection
EndGlobal
