
Microsoft Visual Studio Solution File, Format Version 12.00
# Visual Studio Version 16
VisualStudioVersion = 16.0.34729.46
MinimumVisualStudioVersion = 10.0.40219.1
Project("{FAE04EC0-301F-11D3-BF4B-00C04F79EFBC}") = "5-Configuraciones", "5-Configuraciones\5-Configuraciones.csproj", "{F63163C5-5904-48FA-867C-7489E09C8CC6}"
EndProject
Global
	GlobalSection(SolutionConfigurationPlatforms) = preSolution
		Debug|Any CPU = Debug|Any CPU
		Release|Any CPU = Release|Any CPU
	EndGlobalSection
	GlobalSection(ProjectConfigurationPlatforms) = postSolution
		{F63163C5-5904-48FA-867C-7489E09C8CC6}.Debug|Any CPU.ActiveCfg = Debug|Any CPU
		{F63163C5-5904-48FA-867C-7489E09C8CC6}.Debug|Any CPU.Build.0 = Debug|Any CPU
		{F63163C5-5904-48FA-867C-7489E09C8CC6}.Release|Any CPU.ActiveCfg = Release|Any CPU
		{F63163C5-5904-48FA-867C-7489E09C8CC6}.Release|Any CPU.Build.0 = Release|Any CPU
	EndGlobalSection
	GlobalSection(SolutionProperties) = preSolution
		HideSolutionNode = FALSE
	EndGlobalSection
	GlobalSection(ExtensibilityGlobals) = postSolution
		SolutionGuid = {044D7A82-B75B-481E-9FF6-C38B94ACCCDA}
	EndGlobalSection
EndGlobal
