
Microsoft Visual Studio Solution File, Format Version 12.00
# Visual Studio Version 16
VisualStudioVersion = 16.0.34729.46
MinimumVisualStudioVersion = 10.0.40219.1
Project("{FAE04EC0-301F-11D3-BF4B-00C04F79EFBC}") = "2_Clases _y_Objetos_Ejemplo_Ventas", "2_Clases _y_Objetos_Ejemplo_Ventas\2_Clases _y_Objetos_Ejemplo_Ventas.csproj", "{D837884D-32F4-43EF-B695-944E341A021F}"
EndProject
Global
	GlobalSection(SolutionConfigurationPlatforms) = preSolution
		Debug|Any CPU = Debug|Any CPU
		Release|Any CPU = Release|Any CPU
	EndGlobalSection
	GlobalSection(ProjectConfigurationPlatforms) = postSolution
		{D837884D-32F4-43EF-B695-944E341A021F}.Debug|Any CPU.ActiveCfg = Debug|Any CPU
		{D837884D-32F4-43EF-B695-944E341A021F}.Debug|Any CPU.Build.0 = Debug|Any CPU
		{D837884D-32F4-43EF-B695-944E341A021F}.Release|Any CPU.ActiveCfg = Release|Any CPU
		{D837884D-32F4-43EF-B695-944E341A021F}.Release|Any CPU.Build.0 = Release|Any CPU
	EndGlobalSection
	GlobalSection(SolutionProperties) = preSolution
		HideSolutionNode = FALSE
	EndGlobalSection
	GlobalSection(ExtensibilityGlobals) = postSolution
		SolutionGuid = {049779A0-5DFE-437A-8473-745AE4071DD2}
	EndGlobalSection
EndGlobal
