
Microsoft Visual Studio Solution File, Format Version 12.00
# Visual Studio Version 16
VisualStudioVersion = 16.0.34729.46
MinimumVisualStudioVersion = 10.0.40219.1
Project("{FAE04EC0-301F-11D3-BF4B-00C04F79EFBC}") = "6-Ventana-Contenedora", "6-Ventana-Contenedora\6-Ventana-Contenedora.csproj", "{0AE9CA31-778F-4413-B03C-010C3E2CB74D}"
EndProject
Global
	GlobalSection(SolutionConfigurationPlatforms) = preSolution
		Debug|Any CPU = Debug|Any CPU
		Release|Any CPU = Release|Any CPU
	EndGlobalSection
	GlobalSection(ProjectConfigurationPlatforms) = postSolution
		{0AE9CA31-778F-4413-B03C-010C3E2CB74D}.Debug|Any CPU.ActiveCfg = Debug|Any CPU
		{0AE9CA31-778F-4413-B03C-010C3E2CB74D}.Debug|Any CPU.Build.0 = Debug|Any CPU
		{0AE9CA31-778F-4413-B03C-010C3E2CB74D}.Release|Any CPU.ActiveCfg = Release|Any CPU
		{0AE9CA31-778F-4413-B03C-010C3E2CB74D}.Release|Any CPU.Build.0 = Release|Any CPU
	EndGlobalSection
	GlobalSection(SolutionProperties) = preSolution
		HideSolutionNode = FALSE
	EndGlobalSection
	GlobalSection(ExtensibilityGlobals) = postSolution
		SolutionGuid = {D05B87B4-92E0-415C-8B94-E03D06D087F1}
	EndGlobalSection
EndGlobal
