
Microsoft Visual Studio Solution File, Format Version 12.00
# Visual Studio Version 16
VisualStudioVersion = 16.0.34729.46
MinimumVisualStudioVersion = 10.0.40219.1
Project("{FAE04EC0-301F-11D3-BF4B-00C04F79EFBC}") = "Practica-5-Windows-2", "Practica-5-Windows-2\Practica-5-Windows-2.csproj", "{415EDB2C-04CA-40FA-A458-C420D27F1A8C}"
EndProject
Global
	GlobalSection(SolutionConfigurationPlatforms) = preSolution
		Debug|Any CPU = Debug|Any CPU
		Release|Any CPU = Release|Any CPU
	EndGlobalSection
	GlobalSection(ProjectConfigurationPlatforms) = postSolution
		{415EDB2C-04CA-40FA-A458-C420D27F1A8C}.Debug|Any CPU.ActiveCfg = Debug|Any CPU
		{415EDB2C-04CA-40FA-A458-C420D27F1A8C}.Debug|Any CPU.Build.0 = Debug|Any CPU
		{415EDB2C-04CA-40FA-A458-C420D27F1A8C}.Release|Any CPU.ActiveCfg = Release|Any CPU
		{415EDB2C-04CA-40FA-A458-C420D27F1A8C}.Release|Any CPU.Build.0 = Release|Any CPU
	EndGlobalSection
	GlobalSection(SolutionProperties) = preSolution
		HideSolutionNode = FALSE
	EndGlobalSection
	GlobalSection(ExtensibilityGlobals) = postSolution
		SolutionGuid = {B9F9C99F-CACB-450B-8E98-C9CF532095C9}
	EndGlobalSection
EndGlobal
