
Microsoft Visual Studio Solution File, Format Version 12.00
# Visual Studio Version 16
VisualStudioVersion = 16.0.34729.46
MinimumVisualStudioVersion = 10.0.40219.1
Project("{FAE04EC0-301F-11D3-BF4B-00C04F79EFBC}") = "WinForms-App", "WinForms-App\WinForms-App.csproj", "{C5F5C0E2-7429-40E8-80D6-685F854D4565}"
EndProject
Project("{FAE04EC0-301F-11D3-BF4B-00C04F79EFBC}") = "Dominio", "Dominio\Dominio.csproj", "{6B326682-B225-47F8-9D41-0741B9CD3BEF}"
EndProject
Project("{FAE04EC0-301F-11D3-BF4B-00C04F79EFBC}") = "Negocio", "Negocio\Negocio.csproj", "{5C5E8067-579E-4899-88C5-1B90C693198D}"
EndProject
Global
	GlobalSection(SolutionConfigurationPlatforms) = preSolution
		Debug|Any CPU = Debug|Any CPU
		Release|Any CPU = Release|Any CPU
	EndGlobalSection
	GlobalSection(ProjectConfigurationPlatforms) = postSolution
		{C5F5C0E2-7429-40E8-80D6-685F854D4565}.Debug|Any CPU.ActiveCfg = Debug|Any CPU
		{C5F5C0E2-7429-40E8-80D6-685F854D4565}.Debug|Any CPU.Build.0 = Debug|Any CPU
		{C5F5C0E2-7429-40E8-80D6-685F854D4565}.Release|Any CPU.ActiveCfg = Release|Any CPU
		{C5F5C0E2-7429-40E8-80D6-685F854D4565}.Release|Any CPU.Build.0 = Release|Any CPU
		{6B326682-B225-47F8-9D41-0741B9CD3BEF}.Debug|Any CPU.ActiveCfg = Debug|Any CPU
		{6B326682-B225-47F8-9D41-0741B9CD3BEF}.Debug|Any CPU.Build.0 = Debug|Any CPU
		{6B326682-B225-47F8-9D41-0741B9CD3BEF}.Release|Any CPU.ActiveCfg = Release|Any CPU
		{6B326682-B225-47F8-9D41-0741B9CD3BEF}.Release|Any CPU.Build.0 = Release|Any CPU
		{5C5E8067-579E-4899-88C5-1B90C693198D}.Debug|Any CPU.ActiveCfg = Debug|Any CPU
		{5C5E8067-579E-4899-88C5-1B90C693198D}.Debug|Any CPU.Build.0 = Debug|Any CPU
		{5C5E8067-579E-4899-88C5-1B90C693198D}.Release|Any CPU.ActiveCfg = Release|Any CPU
		{5C5E8067-579E-4899-88C5-1B90C693198D}.Release|Any CPU.Build.0 = Release|Any CPU
	EndGlobalSection
	GlobalSection(SolutionProperties) = preSolution
		HideSolutionNode = FALSE
	EndGlobalSection
	GlobalSection(ExtensibilityGlobals) = postSolution
		SolutionGuid = {5F678066-7751-4AE6-B61C-12DF69ED677F}
	EndGlobalSection
EndGlobal
