
Microsoft Visual Studio Solution File, Format Version 12.00
# Visual Studio Version 16
VisualStudioVersion = 16.0.34729.46
MinimumVisualStudioVersion = 10.0.40219.1
Project("{FAE04EC0-301F-11D3-BF4B-00C04F79EFBC}") = "WinFormsApp", "WinFormsApp\WinFormsApp.csproj", "{7D420F0B-B641-491D-9700-35032F83BA1F}"
EndProject
Project("{FAE04EC0-301F-11D3-BF4B-00C04F79EFBC}") = "Dominio", "Dominio\Dominio.csproj", "{EF6E7291-BA6A-4FC9-A9C9-52BB4EBDDBD1}"
EndProject
Project("{FAE04EC0-301F-11D3-BF4B-00C04F79EFBC}") = "Negocio", "Negocio\Negocio.csproj", "{497D9EE8-D5F6-4E9C-8719-FE55D801D44D}"
EndProject
Global
	GlobalSection(SolutionConfigurationPlatforms) = preSolution
		Debug|Any CPU = Debug|Any CPU
		Release|Any CPU = Release|Any CPU
	EndGlobalSection
	GlobalSection(ProjectConfigurationPlatforms) = postSolution
		{7D420F0B-B641-491D-9700-35032F83BA1F}.Debug|Any CPU.ActiveCfg = Debug|Any CPU
		{7D420F0B-B641-491D-9700-35032F83BA1F}.Debug|Any CPU.Build.0 = Debug|Any CPU
		{7D420F0B-B641-491D-9700-35032F83BA1F}.Release|Any CPU.ActiveCfg = Release|Any CPU
		{7D420F0B-B641-491D-9700-35032F83BA1F}.Release|Any CPU.Build.0 = Release|Any CPU
		{EF6E7291-BA6A-4FC9-A9C9-52BB4EBDDBD1}.Debug|Any CPU.ActiveCfg = Debug|Any CPU
		{EF6E7291-BA6A-4FC9-A9C9-52BB4EBDDBD1}.Debug|Any CPU.Build.0 = Debug|Any CPU
		{EF6E7291-BA6A-4FC9-A9C9-52BB4EBDDBD1}.Release|Any CPU.ActiveCfg = Release|Any CPU
		{EF6E7291-BA6A-4FC9-A9C9-52BB4EBDDBD1}.Release|Any CPU.Build.0 = Release|Any CPU
		{497D9EE8-D5F6-4E9C-8719-FE55D801D44D}.Debug|Any CPU.ActiveCfg = Debug|Any CPU
		{497D9EE8-D5F6-4E9C-8719-FE55D801D44D}.Debug|Any CPU.Build.0 = Debug|Any CPU
		{497D9EE8-D5F6-4E9C-8719-FE55D801D44D}.Release|Any CPU.ActiveCfg = Release|Any CPU
		{497D9EE8-D5F6-4E9C-8719-FE55D801D44D}.Release|Any CPU.Build.0 = Release|Any CPU
	EndGlobalSection
	GlobalSection(SolutionProperties) = preSolution
		HideSolutionNode = FALSE
	EndGlobalSection
	GlobalSection(ExtensibilityGlobals) = postSolution
		SolutionGuid = {905CF51F-203F-4784-AD45-8FE0EB1A74D2}
	EndGlobalSection
EndGlobal
