
Microsoft Visual Studio Solution File, Format Version 12.00
# Visual Studio Version 16
VisualStudioVersion = 16.0.34729.46
MinimumVisualStudioVersion = 10.0.40219.1
Project("{FAE04EC0-301F-11D3-BF4B-00C04F79EFBC}") = "Practica-4-Control-TextBox", "Practica-4-Control-TextBox\Practica-4-Control-TextBox.csproj", "{D760FA1E-C274-4D85-B993-1714ADE049B3}"
EndProject
Global
	GlobalSection(SolutionConfigurationPlatforms) = preSolution
		Debug|Any CPU = Debug|Any CPU
		Release|Any CPU = Release|Any CPU
	EndGlobalSection
	GlobalSection(ProjectConfigurationPlatforms) = postSolution
		{D760FA1E-C274-4D85-B993-1714ADE049B3}.Debug|Any CPU.ActiveCfg = Debug|Any CPU
		{D760FA1E-C274-4D85-B993-1714ADE049B3}.Debug|Any CPU.Build.0 = Debug|Any CPU
		{D760FA1E-C274-4D85-B993-1714ADE049B3}.Release|Any CPU.ActiveCfg = Release|Any CPU
		{D760FA1E-C274-4D85-B993-1714ADE049B3}.Release|Any CPU.Build.0 = Release|Any CPU
	EndGlobalSection
	GlobalSection(SolutionProperties) = preSolution
		HideSolutionNode = FALSE
	EndGlobalSection
	GlobalSection(ExtensibilityGlobals) = postSolution
		SolutionGuid = {416939CE-7843-419C-9508-FDC8A1559DA4}
	EndGlobalSection
EndGlobal
