
Microsoft Visual Studio Solution File, Format Version 12.00
# Visual Studio Version 16
VisualStudioVersion = 16.0.34729.46
MinimumVisualStudioVersion = 10.0.40219.1
Project("{FAE04EC0-301F-11D3-BF4B-00C04F79EFBC}") = "4-Interfaces", "4-Interfaces\4-Interfaces.csproj", "{608514EF-BA42-4974-B19C-537109906B9D}"
EndProject
Global
	GlobalSection(SolutionConfigurationPlatforms) = preSolution
		Debug|Any CPU = Debug|Any CPU
		Release|Any CPU = Release|Any CPU
	EndGlobalSection
	GlobalSection(ProjectConfigurationPlatforms) = postSolution
		{608514EF-BA42-4974-B19C-537109906B9D}.Debug|Any CPU.ActiveCfg = Debug|Any CPU
		{608514EF-BA42-4974-B19C-537109906B9D}.Debug|Any CPU.Build.0 = Debug|Any CPU
		{608514EF-BA42-4974-B19C-537109906B9D}.Release|Any CPU.ActiveCfg = Release|Any CPU
		{608514EF-BA42-4974-B19C-537109906B9D}.Release|Any CPU.Build.0 = Release|Any CPU
	EndGlobalSection
	GlobalSection(SolutionProperties) = preSolution
		HideSolutionNode = FALSE
	EndGlobalSection
	GlobalSection(ExtensibilityGlobals) = postSolution
		SolutionGuid = {6B1FBAE6-6988-4EA1-9FFF-B4D341DA3F01}
	EndGlobalSection
EndGlobal
