
Microsoft Visual Studio Solution File, Format Version 12.00
# Visual Studio Version 16
VisualStudioVersion = 16.0.34729.46
MinimumVisualStudioVersion = 10.0.40219.1
Project("{FAE04EC0-301F-11D3-BF4B-00C04F79EFBC}") = "WinForms-App", "WinForms-App\WinForms-App.csproj", "{42603A24-B096-4224-9EF7-B00C444EFE50}"
EndProject
Project("{FAE04EC0-301F-11D3-BF4B-00C04F79EFBC}") = "Dominio", "Dominio\Dominio.csproj", "{9F2F2C18-1AE5-48AB-BC62-072BB4064ABF}"
EndProject
Project("{FAE04EC0-301F-11D3-BF4B-00C04F79EFBC}") = "Negocio", "Negocio\Negocio.csproj", "{CC6A8EFE-5694-4F3F-8E78-E4E9C8255347}"
EndProject
Global
	GlobalSection(SolutionConfigurationPlatforms) = preSolution
		Debug|Any CPU = Debug|Any CPU
		Release|Any CPU = Release|Any CPU
	EndGlobalSection
	GlobalSection(ProjectConfigurationPlatforms) = postSolution
		{42603A24-B096-4224-9EF7-B00C444EFE50}.Debug|Any CPU.ActiveCfg = Debug|Any CPU
		{42603A24-B096-4224-9EF7-B00C444EFE50}.Debug|Any CPU.Build.0 = Debug|Any CPU
		{42603A24-B096-4224-9EF7-B00C444EFE50}.Release|Any CPU.ActiveCfg = Release|Any CPU
		{42603A24-B096-4224-9EF7-B00C444EFE50}.Release|Any CPU.Build.0 = Release|Any CPU
		{9F2F2C18-1AE5-48AB-BC62-072BB4064ABF}.Debug|Any CPU.ActiveCfg = Debug|Any CPU
		{9F2F2C18-1AE5-48AB-BC62-072BB4064ABF}.Debug|Any CPU.Build.0 = Debug|Any CPU
		{9F2F2C18-1AE5-48AB-BC62-072BB4064ABF}.Release|Any CPU.ActiveCfg = Release|Any CPU
		{9F2F2C18-1AE5-48AB-BC62-072BB4064ABF}.Release|Any CPU.Build.0 = Release|Any CPU
		{CC6A8EFE-5694-4F3F-8E78-E4E9C8255347}.Debug|Any CPU.ActiveCfg = Debug|Any CPU
		{CC6A8EFE-5694-4F3F-8E78-E4E9C8255347}.Debug|Any CPU.Build.0 = Debug|Any CPU
		{CC6A8EFE-5694-4F3F-8E78-E4E9C8255347}.Release|Any CPU.ActiveCfg = Release|Any CPU
		{CC6A8EFE-5694-4F3F-8E78-E4E9C8255347}.Release|Any CPU.Build.0 = Release|Any CPU
	EndGlobalSection
	GlobalSection(SolutionProperties) = preSolution
		HideSolutionNode = FALSE
	EndGlobalSection
	GlobalSection(ExtensibilityGlobals) = postSolution
		SolutionGuid = {9C2DB709-372C-439D-9AD1-2CF1CA26845E}
	EndGlobalSection
EndGlobal
