
Microsoft Visual Studio Solution File, Format Version 12.00
# Visual Studio Version 16
VisualStudioVersion = 16.0.34729.46
MinimumVisualStudioVersion = 10.0.40219.1
Project("{FAE04EC0-301F-11D3-BF4B-00C04F79EFBC}") = "4-Menu-Navegacion", "4-Menu-Navegacion\4-Menu-Navegacion.csproj", "{0AF2A0BA-AB4F-46EB-A269-7FEB2387FEA1}"
EndProject
Global
	GlobalSection(SolutionConfigurationPlatforms) = preSolution
		Debug|Any CPU = Debug|Any CPU
		Release|Any CPU = Release|Any CPU
	EndGlobalSection
	GlobalSection(ProjectConfigurationPlatforms) = postSolution
		{0AF2A0BA-AB4F-46EB-A269-7FEB2387FEA1}.Debug|Any CPU.ActiveCfg = Debug|Any CPU
		{0AF2A0BA-AB4F-46EB-A269-7FEB2387FEA1}.Debug|Any CPU.Build.0 = Debug|Any CPU
		{0AF2A0BA-AB4F-46EB-A269-7FEB2387FEA1}.Release|Any CPU.ActiveCfg = Release|Any CPU
		{0AF2A0BA-AB4F-46EB-A269-7FEB2387FEA1}.Release|Any CPU.Build.0 = Release|Any CPU
	EndGlobalSection
	GlobalSection(SolutionProperties) = preSolution
		HideSolutionNode = FALSE
	EndGlobalSection
	GlobalSection(ExtensibilityGlobals) = postSolution
		SolutionGuid = {479033E4-A38C-4087-9C12-525442BCA3FC}
	EndGlobalSection
EndGlobal
