
Microsoft Visual Studio Solution File, Format Version 12.00
# Visual Studio Version 16
VisualStudioVersion = 16.0.34729.46
MinimumVisualStudioVersion = 10.0.40219.1
Project("{FAE04EC0-301F-11D3-BF4B-00C04F79EFBC}") = "WinForms-App", "WinForms-App\WinForms-App.csproj", "{F8D91945-2E28-46A4-9848-3C5807207BFF}"
EndProject
Project("{FAE04EC0-301F-11D3-BF4B-00C04F79EFBC}") = "Dominio", "Dominio\Dominio.csproj", "{644603BB-58AD-4983-963C-16901329A79F}"
EndProject
Project("{FAE04EC0-301F-11D3-BF4B-00C04F79EFBC}") = "Negocio", "Negocio\Negocio.csproj", "{8F30B6B2-508D-4548-B172-468CFDE8C1D2}"
EndProject
Global
	GlobalSection(SolutionConfigurationPlatforms) = preSolution
		Debug|Any CPU = Debug|Any CPU
		Release|Any CPU = Release|Any CPU
	EndGlobalSection
	GlobalSection(ProjectConfigurationPlatforms) = postSolution
		{F8D91945-2E28-46A4-9848-3C5807207BFF}.Debug|Any CPU.ActiveCfg = Debug|Any CPU
		{F8D91945-2E28-46A4-9848-3C5807207BFF}.Debug|Any CPU.Build.0 = Debug|Any CPU
		{F8D91945-2E28-46A4-9848-3C5807207BFF}.Release|Any CPU.ActiveCfg = Release|Any CPU
		{F8D91945-2E28-46A4-9848-3C5807207BFF}.Release|Any CPU.Build.0 = Release|Any CPU
		{644603BB-58AD-4983-963C-16901329A79F}.Debug|Any CPU.ActiveCfg = Debug|Any CPU
		{644603BB-58AD-4983-963C-16901329A79F}.Debug|Any CPU.Build.0 = Debug|Any CPU
		{644603BB-58AD-4983-963C-16901329A79F}.Release|Any CPU.ActiveCfg = Release|Any CPU
		{644603BB-58AD-4983-963C-16901329A79F}.Release|Any CPU.Build.0 = Release|Any CPU
		{8F30B6B2-508D-4548-B172-468CFDE8C1D2}.Debug|Any CPU.ActiveCfg = Debug|Any CPU
		{8F30B6B2-508D-4548-B172-468CFDE8C1D2}.Debug|Any CPU.Build.0 = Debug|Any CPU
		{8F30B6B2-508D-4548-B172-468CFDE8C1D2}.Release|Any CPU.ActiveCfg = Release|Any CPU
		{8F30B6B2-508D-4548-B172-468CFDE8C1D2}.Release|Any CPU.Build.0 = Release|Any CPU
	EndGlobalSection
	GlobalSection(SolutionProperties) = preSolution
		HideSolutionNode = FALSE
	EndGlobalSection
	GlobalSection(ExtensibilityGlobals) = postSolution
		SolutionGuid = {2F5ACAFE-6EC7-4405-AC05-9C2786AA8BA1}
	EndGlobalSection
EndGlobal
