
Microsoft Visual Studio Solution File, Format Version 12.00
# Visual Studio Version 16
VisualStudioVersion = 16.0.34729.46
MinimumVisualStudioVersion = 10.0.40219.1
Project("{FAE04EC0-301F-11D3-BF4B-00C04F79EFBC}") = "Practica-1-Form", "Practica-1-Form\Practica-1-Form.csproj", "{A81922F6-259F-45EB-BD05-F6518972D577}"
EndProject
Global
	GlobalSection(SolutionConfigurationPlatforms) = preSolution
		Debug|Any CPU = Debug|Any CPU
		Release|Any CPU = Release|Any CPU
	EndGlobalSection
	GlobalSection(ProjectConfigurationPlatforms) = postSolution
		{A81922F6-259F-45EB-BD05-F6518972D577}.Debug|Any CPU.ActiveCfg = Debug|Any CPU
		{A81922F6-259F-45EB-BD05-F6518972D577}.Debug|Any CPU.Build.0 = Debug|Any CPU
		{A81922F6-259F-45EB-BD05-F6518972D577}.Release|Any CPU.ActiveCfg = Release|Any CPU
		{A81922F6-259F-45EB-BD05-F6518972D577}.Release|Any CPU.Build.0 = Release|Any CPU
	EndGlobalSection
	GlobalSection(SolutionProperties) = preSolution
		HideSolutionNode = FALSE
	EndGlobalSection
	GlobalSection(ExtensibilityGlobals) = postSolution
		SolutionGuid = {28FC9A19-3882-464D-9783-FEBDDAF15487}
	EndGlobalSection
EndGlobal
