
Microsoft Visual Studio Solution File, Format Version 12.00
# Visual Studio Version 16
VisualStudioVersion = 16.0.34729.46
MinimumVisualStudioVersion = 10.0.40219.1
Project("{FAE04EC0-301F-11D3-BF4B-00C04F79EFBC}") = "ejercicio2", "ejercicio2\ejercicio2.csproj", "{DB63240D-E1BD-48F8-B7B3-3DB2A531A003}"
EndProject
Global
	GlobalSection(SolutionConfigurationPlatforms) = preSolution
		Debug|Any CPU = Debug|Any CPU
		Release|Any CPU = Release|Any CPU
	EndGlobalSection
	GlobalSection(ProjectConfigurationPlatforms) = postSolution
		{DB63240D-E1BD-48F8-B7B3-3DB2A531A003}.Debug|Any CPU.ActiveCfg = Debug|Any CPU
		{DB63240D-E1BD-48F8-B7B3-3DB2A531A003}.Debug|Any CPU.Build.0 = Debug|Any CPU
		{DB63240D-E1BD-48F8-B7B3-3DB2A531A003}.Release|Any CPU.ActiveCfg = Release|Any CPU
		{DB63240D-E1BD-48F8-B7B3-3DB2A531A003}.Release|Any CPU.Build.0 = Release|Any CPU
	EndGlobalSection
	GlobalSection(SolutionProperties) = preSolution
		HideSolutionNode = FALSE
	EndGlobalSection
	GlobalSection(ExtensibilityGlobals) = postSolution
		SolutionGuid = {94389E32-36C1-41D0-A73F-E7690A2DE06A}
	EndGlobalSection
EndGlobal
