
Microsoft Visual Studio Solution File, Format Version 12.00
# Visual Studio Version 16
VisualStudioVersion = 16.0.34729.46
MinimumVisualStudioVersion = 10.0.40219.1
Project("{FAE04EC0-301F-11D3-BF4B-00C04F79EFBC}") = "3_Constructores_Destructores", "3_Constructores_Destructores\3_Constructores_Destructores.csproj", "{B8B332DD-4ECF-4E74-81C6-9B740340191E}"
EndProject
Global
	GlobalSection(SolutionConfigurationPlatforms) = preSolution
		Debug|Any CPU = Debug|Any CPU
		Release|Any CPU = Release|Any CPU
	EndGlobalSection
	GlobalSection(ProjectConfigurationPlatforms) = postSolution
		{B8B332DD-4ECF-4E74-81C6-9B740340191E}.Debug|Any CPU.ActiveCfg = Debug|Any CPU
		{B8B332DD-4ECF-4E74-81C6-9B740340191E}.Debug|Any CPU.Build.0 = Debug|Any CPU
		{B8B332DD-4ECF-4E74-81C6-9B740340191E}.Release|Any CPU.ActiveCfg = Release|Any CPU
		{B8B332DD-4ECF-4E74-81C6-9B740340191E}.Release|Any CPU.Build.0 = Release|Any CPU
	EndGlobalSection
	GlobalSection(SolutionProperties) = preSolution
		HideSolutionNode = FALSE
	EndGlobalSection
	GlobalSection(ExtensibilityGlobals) = postSolution
		SolutionGuid = {487FCBE9-07E3-4B7E-9586-C57933BBE39E}
	EndGlobalSection
EndGlobal
