
Microsoft Visual Studio Solution File, Format Version 12.00
# Visual Studio Version 16
VisualStudioVersion = 16.0.34729.46
MinimumVisualStudioVersion = 10.0.40219.1
Project("{FAE04EC0-301F-11D3-BF4B-00C04F79EFBC}") = "1-Introduccion", "1-Introduccion\1-Introduccion.csproj", "{79C6F4AA-E72B-4513-B705-25A1100E68B5}"
EndProject
Global
	GlobalSection(SolutionConfigurationPlatforms) = preSolution
		Debug|Any CPU = Debug|Any CPU
		Release|Any CPU = Release|Any CPU
	EndGlobalSection
	GlobalSection(ProjectConfigurationPlatforms) = postSolution
		{79C6F4AA-E72B-4513-B705-25A1100E68B5}.Debug|Any CPU.ActiveCfg = Debug|Any CPU
		{79C6F4AA-E72B-4513-B705-25A1100E68B5}.Debug|Any CPU.Build.0 = Debug|Any CPU
		{79C6F4AA-E72B-4513-B705-25A1100E68B5}.Release|Any CPU.ActiveCfg = Release|Any CPU
		{79C6F4AA-E72B-4513-B705-25A1100E68B5}.Release|Any CPU.Build.0 = Release|Any CPU
	EndGlobalSection
	GlobalSection(SolutionProperties) = preSolution
		HideSolutionNode = FALSE
	EndGlobalSection
	GlobalSection(ExtensibilityGlobals) = postSolution
		SolutionGuid = {AA69818C-684B-42A7-A4C4-16552DC0F9E5}
	EndGlobalSection
EndGlobal
